
Microsoft Visual Studio Solution File, Format Version 12.00
# Visual Studio Version 16
VisualStudioVersion = 16.0.34114.132
MinimumVisualStudioVersion = 10.0.40219.1
Project("{FAE04EC0-301F-11D3-BF4B-00C04F79EFBC}") = "Tyuiu.LoginovMV.Sprint6.Task0.V2", "Tyuiu.LoginovMV.Sprint6.Task0.V2\Tyuiu.LoginovMV.Sprint6.Task0.V2.csproj", "{434691BD-CD13-4D90-A13F-FD2B351BBC89}"
EndProject
Project("{2150E333-8FDC-42A3-9474-1A3956D46DE8}") = "Task0", "Task0", "{AB0C26A5-C5D5-41B5-A25D-82970F9CF32D}"
EndProject
Project("{FAE04EC0-301F-11D3-BF4B-00C04F79EFBC}") = "Tyuiu.LoginovMV.Sprint6.Task0.V2.Lib", "Tyuiu.LoginovMV.Sprint6.Task0.V2.Lib\Tyuiu.LoginovMV.Sprint6.Task0.V2.Lib.csproj", "{DE60675B-896C-44EB-9E14-98C8FF233D9E}"
EndProject
Project("{FAE04EC0-301F-11D3-BF4B-00C04F79EFBC}") = "Tyuiu.LoginovMV.Sprint6.Task0.V2.Test", "Tyuiu.LoginovMV.Sprint6.Task0.V2.Test\Tyuiu.LoginovMV.Sprint6.Task0.V2.Test.csproj", "{4203A6F7-7413-4B37-8DF2-19AE1D5B9918}"
EndProject
Project("{2150E333-8FDC-42A3-9474-1A3956D46DE8}") = "Task1", "Task1", "{44B80515-D54B-47FD-AFBC-7D8FC3183835}"
EndProject
Project("{FAE04EC0-301F-11D3-BF4B-00C04F79EFBC}") = "Tyuiu.LoginovMV.Sprint6.Task1.V14", "Tyuiu.LoginovMV.Sprint6.Task1.V14\Tyuiu.LoginovMV.Sprint6.Task1.V14.csproj", "{DDE5F42C-DA25-4339-A7BA-16520EB5F710}"
EndProject
Project("{FAE04EC0-301F-11D3-BF4B-00C04F79EFBC}") = "Tyuiu.LoginovMV.Sprint6.Task1.V14.Lib", "Tyuiu.LoginovMV.Sprint6.Task1.V14.Lib\Tyuiu.LoginovMV.Sprint6.Task1.V14.Lib.csproj", "{6F773C69-6C25-4E62-BE28-E658D931F4B4}"
EndProject
Project("{FAE04EC0-301F-11D3-BF4B-00C04F79EFBC}") = "Tyuiu.LoginovMV.Sprint6.Task1.V14.Test", "Tyuiu.LoginovMV.Sprint6.Task1.V14.Test\Tyuiu.LoginovMV.Sprint6.Task1.V14.Test.csproj", "{6514336E-1A34-469C-B0A6-F3A031923695}"
EndProject
Project("{2150E333-8FDC-42A3-9474-1A3956D46DE8}") = "Task2", "Task2", "{E4946706-06D8-45F7-95D3-42A6C64700F5}"
EndProject
Project("{FAE04EC0-301F-11D3-BF4B-00C04F79EFBC}") = "Tyuiu.LoginovMV.Sprint6.Task2.V5", "Tyuiu.LoginovMV.Sprint6.Task2.V5\Tyuiu.LoginovMV.Sprint6.Task2.V5.csproj", "{30CAE6F4-F511-4B7E-B232-0484C34FA7C8}"
EndProject
Project("{FAE04EC0-301F-11D3-BF4B-00C04F79EFBC}") = "Tyuiu.LoginovMV.Sprint6.Task2.V5.Lib", "Tyuiu.LoginovMV.Sprint6.Task2.V5.Lib\Tyuiu.LoginovMV.Sprint6.Task2.V5.Lib.csproj", "{D4AC1B1B-8097-4917-AFFC-BAF17F1A48BC}"
EndProject
Project("{FAE04EC0-301F-11D3-BF4B-00C04F79EFBC}") = "Tyuiu.LoginovMV.Sprint6.Task2.V5.Test", "Tyuiu.LoginovMV.Sprint6.Task2.V5.Test\Tyuiu.LoginovMV.Sprint6.Task2.V5.Test.csproj", "{CBEB55EA-4DFD-427A-9B3B-1A221081F7C1}"
EndProject
Project("{2150E333-8FDC-42A3-9474-1A3956D46DE8}") = "Task3", "Task3", "{0817191F-6A0E-4551-A5B7-C3C42A7284B4}"
EndProject
Project("{FAE04EC0-301F-11D3-BF4B-00C04F79EFBC}") = "Tyuiu.LoginovMV.Sprint6.Task3.V29", "Tyuiu.LoginovMV.Sprint6.Task3.V29\Tyuiu.LoginovMV.Sprint6.Task3.V29.csproj", "{855C9E9C-1ACD-4DAB-84EB-5D5322834A5E}"
EndProject
Project("{FAE04EC0-301F-11D3-BF4B-00C04F79EFBC}") = "Tyuiu.LoginovMV.Sprint6.Task3.V29.Lib", "Tyuiu.LoginovMV.Sprint6.Task3.V29.Lib\Tyuiu.LoginovMV.Sprint6.Task3.V29.Lib.csproj", "{F945C6BA-8ED8-4C95-9F1B-4A8C2241B080}"
EndProject
Project("{FAE04EC0-301F-11D3-BF4B-00C04F79EFBC}") = "Tyuiu.LoginovMV.Sprint6.Task3.V29.Test", "Tyuiu.LoginovMV.Sprint6.Task3.V29.Test\Tyuiu.LoginovMV.Sprint6.Task3.V29.Test.csproj", "{CE10659A-D1C3-456F-8503-DFC574E1BCD5}"
EndProject
Global
	GlobalSection(SolutionConfigurationPlatforms) = preSolution
		Debug|Any CPU = Debug|Any CPU
		Release|Any CPU = Release|Any CPU
	EndGlobalSection
	GlobalSection(ProjectConfigurationPlatforms) = postSolution
		{434691BD-CD13-4D90-A13F-FD2B351BBC89}.Debug|Any CPU.ActiveCfg = Debug|Any CPU
		{434691BD-CD13-4D90-A13F-FD2B351BBC89}.Debug|Any CPU.Build.0 = Debug|Any CPU
		{434691BD-CD13-4D90-A13F-FD2B351BBC89}.Release|Any CPU.ActiveCfg = Release|Any CPU
		{434691BD-CD13-4D90-A13F-FD2B351BBC89}.Release|Any CPU.Build.0 = Release|Any CPU
		{DE60675B-896C-44EB-9E14-98C8FF233D9E}.Debug|Any CPU.ActiveCfg = Debug|Any CPU
		{DE60675B-896C-44EB-9E14-98C8FF233D9E}.Debug|Any CPU.Build.0 = Debug|Any CPU
		{DE60675B-896C-44EB-9E14-98C8FF233D9E}.Release|Any CPU.ActiveCfg = Release|Any CPU
		{DE60675B-896C-44EB-9E14-98C8FF233D9E}.Release|Any CPU.Build.0 = Release|Any CPU
		{4203A6F7-7413-4B37-8DF2-19AE1D5B9918}.Debug|Any CPU.ActiveCfg = Debug|Any CPU
		{4203A6F7-7413-4B37-8DF2-19AE1D5B9918}.Debug|Any CPU.Build.0 = Debug|Any CPU
		{4203A6F7-7413-4B37-8DF2-19AE1D5B9918}.Release|Any CPU.ActiveCfg = Release|Any CPU
		{4203A6F7-7413-4B37-8DF2-19AE1D5B9918}.Release|Any CPU.Build.0 = Release|Any CPU
		{DDE5F42C-DA25-4339-A7BA-16520EB5F710}.Debug|Any CPU.ActiveCfg = Debug|Any CPU
		{DDE5F42C-DA25-4339-A7BA-16520EB5F710}.Debug|Any CPU.Build.0 = Debug|Any CPU
		{DDE5F42C-DA25-4339-A7BA-16520EB5F710}.Release|Any CPU.ActiveCfg = Release|Any CPU
		{DDE5F42C-DA25-4339-A7BA-16520EB5F710}.Release|Any CPU.Build.0 = Release|Any CPU
		{6F773C69-6C25-4E62-BE28-E658D931F4B4}.Debug|Any CPU.ActiveCfg = Debug|Any CPU
		{6F773C69-6C25-4E62-BE28-E658D931F4B4}.Debug|Any CPU.Build.0 = Debug|Any CPU
		{6F773C69-6C25-4E62-BE28-E658D931F4B4}.Release|Any CPU.ActiveCfg = Release|Any CPU
		{6F773C69-6C25-4E62-BE28-E658D931F4B4}.Release|Any CPU.Build.0 = Release|Any CPU
		{6514336E-1A34-469C-B0A6-F3A031923695}.Debug|Any CPU.ActiveCfg = Debug|Any CPU
		{6514336E-1A34-469C-B0A6-F3A031923695}.Debug|Any CPU.Build.0 = Debug|Any CPU
		{6514336E-1A34-469C-B0A6-F3A031923695}.Release|Any CPU.ActiveCfg = Release|Any CPU
		{6514336E-1A34-469C-B0A6-F3A031923695}.Release|Any CPU.Build.0 = Release|Any CPU
		{30CAE6F4-F511-4B7E-B232-0484C34FA7C8}.Debug|Any CPU.ActiveCfg = Debug|Any CPU
		{30CAE6F4-F511-4B7E-B232-0484C34FA7C8}.Debug|Any CPU.Build.0 = Debug|Any CPU
		{30CAE6F4-F511-4B7E-B232-0484C34FA7C8}.Release|Any CPU.ActiveCfg = Release|Any CPU
		{30CAE6F4-F511-4B7E-B232-0484C34FA7C8}.Release|Any CPU.Build.0 = Release|Any CPU
		{D4AC1B1B-8097-4917-AFFC-BAF17F1A48BC}.Debug|Any CPU.ActiveCfg = Debug|Any CPU
		{D4AC1B1B-8097-4917-AFFC-BAF17F1A48BC}.Debug|Any CPU.Build.0 = Debug|Any CPU
		{D4AC1B1B-8097-4917-AFFC-BAF17F1A48BC}.Release|Any CPU.ActiveCfg = Release|Any CPU
		{D4AC1B1B-8097-4917-AFFC-BAF17F1A48BC}.Release|Any CPU.Build.0 = Release|Any CPU
		{CBEB55EA-4DFD-427A-9B3B-1A221081F7C1}.Debug|Any CPU.ActiveCfg = Debug|Any CPU
		{CBEB55EA-4DFD-427A-9B3B-1A221081F7C1}.Debug|Any CPU.Build.0 = Debug|Any CPU
		{CBEB55EA-4DFD-427A-9B3B-1A221081F7C1}.Release|Any CPU.ActiveCfg = Release|Any CPU
		{CBEB55EA-4DFD-427A-9B3B-1A221081F7C1}.Release|Any CPU.Build.0 = Release|Any CPU
		{855C9E9C-1ACD-4DAB-84EB-5D5322834A5E}.Debug|Any CPU.ActiveCfg = Debug|Any CPU
		{855C9E9C-1ACD-4DAB-84EB-5D5322834A5E}.Debug|Any CPU.Build.0 = Debug|Any CPU
		{855C9E9C-1ACD-4DAB-84EB-5D5322834A5E}.Release|Any CPU.ActiveCfg = Release|Any CPU
		{855C9E9C-1ACD-4DAB-84EB-5D5322834A5E}.Release|Any CPU.Build.0 = Release|Any CPU
		{F945C6BA-8ED8-4C95-9F1B-4A8C2241B080}.Debug|Any CPU.ActiveCfg = Debug|Any CPU
		{F945C6BA-8ED8-4C95-9F1B-4A8C2241B080}.Debug|Any CPU.Build.0 = Debug|Any CPU
		{F945C6BA-8ED8-4C95-9F1B-4A8C2241B080}.Release|Any CPU.ActiveCfg = Release|Any CPU
		{F945C6BA-8ED8-4C95-9F1B-4A8C2241B080}.Release|Any CPU.Build.0 = Release|Any CPU
		{CE10659A-D1C3-456F-8503-DFC574E1BCD5}.Debug|Any CPU.ActiveCfg = Debug|Any CPU
		{CE10659A-D1C3-456F-8503-DFC574E1BCD5}.Debug|Any CPU.Build.0 = Debug|Any CPU
		{CE10659A-D1C3-456F-8503-DFC574E1BCD5}.Release|Any CPU.ActiveCfg = Release|Any CPU
		{CE10659A-D1C3-456F-8503-DFC574E1BCD5}.Release|Any CPU.Build.0 = Release|Any CPU
	EndGlobalSection
	GlobalSection(SolutionProperties) = preSolution
		HideSolutionNode = FALSE
	EndGlobalSection
	GlobalSection(NestedProjects) = preSolution
		{434691BD-CD13-4D90-A13F-FD2B351BBC89} = {AB0C26A5-C5D5-41B5-A25D-82970F9CF32D}
		{DE60675B-896C-44EB-9E14-98C8FF233D9E} = {AB0C26A5-C5D5-41B5-A25D-82970F9CF32D}
		{4203A6F7-7413-4B37-8DF2-19AE1D5B9918} = {AB0C26A5-C5D5-41B5-A25D-82970F9CF32D}
		{DDE5F42C-DA25-4339-A7BA-16520EB5F710} = {44B80515-D54B-47FD-AFBC-7D8FC3183835}
		{6F773C69-6C25-4E62-BE28-E658D931F4B4} = {44B80515-D54B-47FD-AFBC-7D8FC3183835}
		{6514336E-1A34-469C-B0A6-F3A031923695} = {44B80515-D54B-47FD-AFBC-7D8FC3183835}
		{30CAE6F4-F511-4B7E-B232-0484C34FA7C8} = {E4946706-06D8-45F7-95D3-42A6C64700F5}
		{D4AC1B1B-8097-4917-AFFC-BAF17F1A48BC} = {E4946706-06D8-45F7-95D3-42A6C64700F5}
		{CBEB55EA-4DFD-427A-9B3B-1A221081F7C1} = {E4946706-06D8-45F7-95D3-42A6C64700F5}
		{855C9E9C-1ACD-4DAB-84EB-5D5322834A5E} = {0817191F-6A0E-4551-A5B7-C3C42A7284B4}
		{F945C6BA-8ED8-4C95-9F1B-4A8C2241B080} = {0817191F-6A0E-4551-A5B7-C3C42A7284B4}
		{CE10659A-D1C3-456F-8503-DFC574E1BCD5} = {0817191F-6A0E-4551-A5B7-C3C42A7284B4}
	EndGlobalSection
	GlobalSection(ExtensibilityGlobals) = postSolution
		SolutionGuid = {80960D12-577A-40CA-86E2-0869E637851D}
	EndGlobalSection
EndGlobal
